
Microsoft Visual Studio Solution File, Format Version 10.00
# Visual Studio 2008
Project("{FAE04EC0-301F-11D3-BF4B-00C04F79EFBC}") = "VESWSClient", "VESWSClient\VESWSClient.csproj", "{3AA9B619-F909-408E-9647-A68BEB7A28E3}"
EndProject
Global
	GlobalSection(SolutionConfigurationPlatforms) = preSolution
		Debug|Any CPU = Debug|Any CPU
		Release|Any CPU = Release|Any CPU
	EndGlobalSection
	GlobalSection(ProjectConfigurationPlatforms) = postSolution
		{3AA9B619-F909-408E-9647-A68BEB7A28E3}.Debug|Any CPU.ActiveCfg = Debug|Any CPU
		{3AA9B619-F909-408E-9647-A68BEB7A28E3}.Debug|Any CPU.Build.0 = Debug|Any CPU
		{3AA9B619-F909-408E-9647-A68BEB7A28E3}.Release|Any CPU.ActiveCfg = Release|Any CPU
		{3AA9B619-F909-408E-9647-A68BEB7A28E3}.Release|Any CPU.Build.0 = Release|Any CPU
	EndGlobalSection
	GlobalSection(SolutionProperties) = preSolution
		HideSolutionNode = FALSE
	EndGlobalSection
EndGlobal
