
Microsoft Visual Studio Solution File, Format Version 12.00
# Visual Studio Version 16
VisualStudioVersion = 16.0.34301.259
MinimumVisualStudioVersion = 10.0.40219.1
Project("{FAE04EC0-301F-11D3-BF4B-00C04F79EFBC}") = "VNS.Common", "..\Common\VNS.Common\VNS.Common.csproj", "{F40B332D-402A-4503-8F6E-FD88624A0FD1}"
EndProject
Project("{FAE04EC0-301F-11D3-BF4B-00C04F79EFBC}") = "VNS.Data", "..\Common\VNS.Data\VNS.Data.csproj", "{D063CBE7-D2D1-416F-AF50-96CA2E01A31E}"
EndProject
Project("{FAE04EC0-301F-11D3-BF4B-00C04F79EFBC}") = "VNS.Security", "..\Common\VNS.Security\VNS.Security.csproj", "{2A1C9824-833A-4BBC-8D2B-BCF46356F087}"
EndProject
Project("{FAE04EC0-301F-11D3-BF4B-00C04F79EFBC}") = "VNS.Utils", "..\Common\VNS.Utils\VNS.Utils.csproj", "{7E197733-03AC-47A5-BE53-5484DD5AC690}"
EndProject
Project("{FAE04EC0-301F-11D3-BF4B-00C04F79EFBC}") = "VNS.Windows", "..\Common\VNS.Windows\VNS.Windows.csproj", "{1CFEEF1D-C08C-4CCB-ADB2-298690804FAE}"
EndProject
Project("{FAE04EC0-301F-11D3-BF4B-00C04F79EFBC}") = "VNS.ERP.Data", "VNS.ERP.Data\VNS.ERP.Data.csproj", "{90BE3932-E046-454C-B703-02922191B5D6}"
EndProject
Project("{FAE04EC0-301F-11D3-BF4B-00C04F79EFBC}") = "VNS.ERP.GUI", "VNS.ERP.GUI\VNS.ERP.GUI.csproj", "{26A5EE0E-0E58-45B2-BAFA-CC20C3695385}"
EndProject
Project("{FAE04EC0-301F-11D3-BF4B-00C04F79EFBC}") = "VNS.Context", "..\Common\VNS.Context\VNS.Context.csproj", "{5C209178-E12A-4E46-AE60-A83E56B42C91}"
EndProject
Project("{FAE04EC0-301F-11D3-BF4B-00C04F79EFBC}") = "VNS.Localization", "..\Common\VNS.Localization\VNS.Localization.csproj", "{AB5CD7BE-9D97-4AE1-8C97-B289A2194B7B}"
EndProject
Project("{FAE04EC0-301F-11D3-BF4B-00C04F79EFBC}") = "Test", "MainGUI\Test\Test.csproj", "{A0B6BECE-8C89-4B1C-A185-4AF5D86C9CD7}"
EndProject
Project("{FAE04EC0-301F-11D3-BF4B-00C04F79EFBC}") = "VNS.Scales.Control", "..\Common\VNS.Scale.Control\WindowsControlLibrary1\VNS.Scales.Control.csproj", "{5033546D-832F-4F39-9A7B-EFF229798485}"
EndProject
Project("{FAE04EC0-301F-11D3-BF4B-00C04F79EFBC}") = "VNS.Scales.Helper", "..\Common\VNS.Scale.Helper\VNS.Scales.Helper.csproj", "{F28FF96A-379C-43CB-ABD5-FFD9193C3FF2}"
EndProject
Project("{54435603-DBB4-11D2-8724-00A0C9A8B90C}") = "VES-Setup", "VES-Setup\VES-Setup.vdproj", "{3B16AE54-5CA9-4254-8981-F8491771C13D}"
EndProject
Global
	GlobalSection(SolutionConfigurationPlatforms) = preSolution
		Debug|Any CPU = Debug|Any CPU
		Debug|x86 = Debug|x86
		Release|Any CPU = Release|Any CPU
		Release|x86 = Release|x86
	EndGlobalSection
	GlobalSection(ProjectConfigurationPlatforms) = postSolution
		{F40B332D-402A-4503-8F6E-FD88624A0FD1}.Debug|Any CPU.ActiveCfg = Debug|Any CPU
		{F40B332D-402A-4503-8F6E-FD88624A0FD1}.Debug|Any CPU.Build.0 = Debug|Any CPU
		{F40B332D-402A-4503-8F6E-FD88624A0FD1}.Debug|x86.ActiveCfg = Debug|x86
		{F40B332D-402A-4503-8F6E-FD88624A0FD1}.Debug|x86.Build.0 = Debug|x86
		{F40B332D-402A-4503-8F6E-FD88624A0FD1}.Release|Any CPU.ActiveCfg = Release|Any CPU
		{F40B332D-402A-4503-8F6E-FD88624A0FD1}.Release|Any CPU.Build.0 = Release|Any CPU
		{F40B332D-402A-4503-8F6E-FD88624A0FD1}.Release|x86.ActiveCfg = Release|x86
		{F40B332D-402A-4503-8F6E-FD88624A0FD1}.Release|x86.Build.0 = Release|x86
		{D063CBE7-D2D1-416F-AF50-96CA2E01A31E}.Debug|Any CPU.ActiveCfg = Debug|Any CPU
		{D063CBE7-D2D1-416F-AF50-96CA2E01A31E}.Debug|Any CPU.Build.0 = Debug|Any CPU
		{D063CBE7-D2D1-416F-AF50-96CA2E01A31E}.Debug|x86.ActiveCfg = Debug|x86
		{D063CBE7-D2D1-416F-AF50-96CA2E01A31E}.Debug|x86.Build.0 = Debug|x86
		{D063CBE7-D2D1-416F-AF50-96CA2E01A31E}.Release|Any CPU.ActiveCfg = Release|Any CPU
		{D063CBE7-D2D1-416F-AF50-96CA2E01A31E}.Release|Any CPU.Build.0 = Release|Any CPU
		{D063CBE7-D2D1-416F-AF50-96CA2E01A31E}.Release|x86.ActiveCfg = Release|x86
		{D063CBE7-D2D1-416F-AF50-96CA2E01A31E}.Release|x86.Build.0 = Release|x86
		{2A1C9824-833A-4BBC-8D2B-BCF46356F087}.Debug|Any CPU.ActiveCfg = Debug|Any CPU
		{2A1C9824-833A-4BBC-8D2B-BCF46356F087}.Debug|Any CPU.Build.0 = Debug|Any CPU
		{2A1C9824-833A-4BBC-8D2B-BCF46356F087}.Debug|x86.ActiveCfg = Debug|x86
		{2A1C9824-833A-4BBC-8D2B-BCF46356F087}.Debug|x86.Build.0 = Debug|x86
		{2A1C9824-833A-4BBC-8D2B-BCF46356F087}.Release|Any CPU.ActiveCfg = Release|Any CPU
		{2A1C9824-833A-4BBC-8D2B-BCF46356F087}.Release|Any CPU.Build.0 = Release|Any CPU
		{2A1C9824-833A-4BBC-8D2B-BCF46356F087}.Release|x86.ActiveCfg = Release|x86
		{2A1C9824-833A-4BBC-8D2B-BCF46356F087}.Release|x86.Build.0 = Release|x86
		{7E197733-03AC-47A5-BE53-5484DD5AC690}.Debug|Any CPU.ActiveCfg = Debug|Any CPU
		{7E197733-03AC-47A5-BE53-5484DD5AC690}.Debug|Any CPU.Build.0 = Debug|Any CPU
		{7E197733-03AC-47A5-BE53-5484DD5AC690}.Debug|x86.ActiveCfg = Debug|x86
		{7E197733-03AC-47A5-BE53-5484DD5AC690}.Debug|x86.Build.0 = Debug|x86
		{7E197733-03AC-47A5-BE53-5484DD5AC690}.Release|Any CPU.ActiveCfg = Release|Any CPU
		{7E197733-03AC-47A5-BE53-5484DD5AC690}.Release|Any CPU.Build.0 = Release|Any CPU
		{7E197733-03AC-47A5-BE53-5484DD5AC690}.Release|x86.ActiveCfg = Release|x86
		{7E197733-03AC-47A5-BE53-5484DD5AC690}.Release|x86.Build.0 = Release|x86
		{1CFEEF1D-C08C-4CCB-ADB2-298690804FAE}.Debug|Any CPU.ActiveCfg = Debug|Any CPU
		{1CFEEF1D-C08C-4CCB-ADB2-298690804FAE}.Debug|Any CPU.Build.0 = Debug|Any CPU
		{1CFEEF1D-C08C-4CCB-ADB2-298690804FAE}.Debug|x86.ActiveCfg = Debug|Any CPU
		{1CFEEF1D-C08C-4CCB-ADB2-298690804FAE}.Debug|x86.Build.0 = Debug|Any CPU
		{1CFEEF1D-C08C-4CCB-ADB2-298690804FAE}.Release|Any CPU.ActiveCfg = Release|Any CPU
		{1CFEEF1D-C08C-4CCB-ADB2-298690804FAE}.Release|Any CPU.Build.0 = Release|Any CPU
		{1CFEEF1D-C08C-4CCB-ADB2-298690804FAE}.Release|x86.ActiveCfg = Release|x86
		{1CFEEF1D-C08C-4CCB-ADB2-298690804FAE}.Release|x86.Build.0 = Release|x86
		{90BE3932-E046-454C-B703-02922191B5D6}.Debug|Any CPU.ActiveCfg = Debug|Any CPU
		{90BE3932-E046-454C-B703-02922191B5D6}.Debug|Any CPU.Build.0 = Debug|Any CPU
		{90BE3932-E046-454C-B703-02922191B5D6}.Debug|x86.ActiveCfg = Debug|x86
		{90BE3932-E046-454C-B703-02922191B5D6}.Debug|x86.Build.0 = Debug|x86
		{90BE3932-E046-454C-B703-02922191B5D6}.Release|Any CPU.ActiveCfg = Release|Any CPU
		{90BE3932-E046-454C-B703-02922191B5D6}.Release|Any CPU.Build.0 = Release|Any CPU
		{90BE3932-E046-454C-B703-02922191B5D6}.Release|x86.ActiveCfg = Release|x86
		{90BE3932-E046-454C-B703-02922191B5D6}.Release|x86.Build.0 = Release|x86
		{26A5EE0E-0E58-45B2-BAFA-CC20C3695385}.Debug|Any CPU.ActiveCfg = Debug|Any CPU
		{26A5EE0E-0E58-45B2-BAFA-CC20C3695385}.Debug|Any CPU.Build.0 = Debug|Any CPU
		{26A5EE0E-0E58-45B2-BAFA-CC20C3695385}.Debug|x86.ActiveCfg = Debug|x86
		{26A5EE0E-0E58-45B2-BAFA-CC20C3695385}.Debug|x86.Build.0 = Debug|x86
		{26A5EE0E-0E58-45B2-BAFA-CC20C3695385}.Release|Any CPU.ActiveCfg = Release|Any CPU
		{26A5EE0E-0E58-45B2-BAFA-CC20C3695385}.Release|Any CPU.Build.0 = Release|Any CPU
		{26A5EE0E-0E58-45B2-BAFA-CC20C3695385}.Release|x86.ActiveCfg = Release|x86
		{26A5EE0E-0E58-45B2-BAFA-CC20C3695385}.Release|x86.Build.0 = Release|x86
		{5C209178-E12A-4E46-AE60-A83E56B42C91}.Debug|Any CPU.ActiveCfg = Debug|Any CPU
		{5C209178-E12A-4E46-AE60-A83E56B42C91}.Debug|Any CPU.Build.0 = Debug|Any CPU
		{5C209178-E12A-4E46-AE60-A83E56B42C91}.Debug|x86.ActiveCfg = Debug|x86
		{5C209178-E12A-4E46-AE60-A83E56B42C91}.Debug|x86.Build.0 = Debug|x86
		{5C209178-E12A-4E46-AE60-A83E56B42C91}.Release|Any CPU.ActiveCfg = Release|Any CPU
		{5C209178-E12A-4E46-AE60-A83E56B42C91}.Release|Any CPU.Build.0 = Release|Any CPU
		{5C209178-E12A-4E46-AE60-A83E56B42C91}.Release|x86.ActiveCfg = Release|x86
		{5C209178-E12A-4E46-AE60-A83E56B42C91}.Release|x86.Build.0 = Release|x86
		{AB5CD7BE-9D97-4AE1-8C97-B289A2194B7B}.Debug|Any CPU.ActiveCfg = Debug|Any CPU
		{AB5CD7BE-9D97-4AE1-8C97-B289A2194B7B}.Debug|Any CPU.Build.0 = Debug|Any CPU
		{AB5CD7BE-9D97-4AE1-8C97-B289A2194B7B}.Debug|x86.ActiveCfg = Debug|x86
		{AB5CD7BE-9D97-4AE1-8C97-B289A2194B7B}.Debug|x86.Build.0 = Debug|x86
		{AB5CD7BE-9D97-4AE1-8C97-B289A2194B7B}.Release|Any CPU.ActiveCfg = Release|Any CPU
		{AB5CD7BE-9D97-4AE1-8C97-B289A2194B7B}.Release|Any CPU.Build.0 = Release|Any CPU
		{AB5CD7BE-9D97-4AE1-8C97-B289A2194B7B}.Release|x86.ActiveCfg = Release|x86
		{AB5CD7BE-9D97-4AE1-8C97-B289A2194B7B}.Release|x86.Build.0 = Release|x86
		{A0B6BECE-8C89-4B1C-A185-4AF5D86C9CD7}.Debug|Any CPU.ActiveCfg = Release|Any CPU
		{A0B6BECE-8C89-4B1C-A185-4AF5D86C9CD7}.Debug|Any CPU.Build.0 = Release|Any CPU
		{A0B6BECE-8C89-4B1C-A185-4AF5D86C9CD7}.Debug|x86.ActiveCfg = Debug|x86
		{A0B6BECE-8C89-4B1C-A185-4AF5D86C9CD7}.Debug|x86.Build.0 = Debug|x86
		{A0B6BECE-8C89-4B1C-A185-4AF5D86C9CD7}.Release|Any CPU.ActiveCfg = Release|Any CPU
		{A0B6BECE-8C89-4B1C-A185-4AF5D86C9CD7}.Release|Any CPU.Build.0 = Release|Any CPU
		{A0B6BECE-8C89-4B1C-A185-4AF5D86C9CD7}.Release|x86.ActiveCfg = Release|x86
		{A0B6BECE-8C89-4B1C-A185-4AF5D86C9CD7}.Release|x86.Build.0 = Release|x86
		{5033546D-832F-4F39-9A7B-EFF229798485}.Debug|Any CPU.ActiveCfg = Debug|Any CPU
		{5033546D-832F-4F39-9A7B-EFF229798485}.Debug|Any CPU.Build.0 = Debug|Any CPU
		{5033546D-832F-4F39-9A7B-EFF229798485}.Debug|x86.ActiveCfg = Debug|x86
		{5033546D-832F-4F39-9A7B-EFF229798485}.Debug|x86.Build.0 = Debug|x86
		{5033546D-832F-4F39-9A7B-EFF229798485}.Release|Any CPU.ActiveCfg = Release|Any CPU
		{5033546D-832F-4F39-9A7B-EFF229798485}.Release|Any CPU.Build.0 = Release|Any CPU
		{5033546D-832F-4F39-9A7B-EFF229798485}.Release|x86.ActiveCfg = Release|x86
		{5033546D-832F-4F39-9A7B-EFF229798485}.Release|x86.Build.0 = Release|x86
		{F28FF96A-379C-43CB-ABD5-FFD9193C3FF2}.Debug|Any CPU.ActiveCfg = Debug|Any CPU
		{F28FF96A-379C-43CB-ABD5-FFD9193C3FF2}.Debug|Any CPU.Build.0 = Debug|Any CPU
		{F28FF96A-379C-43CB-ABD5-FFD9193C3FF2}.Debug|x86.ActiveCfg = Debug|x86
		{F28FF96A-379C-43CB-ABD5-FFD9193C3FF2}.Debug|x86.Build.0 = Debug|x86
		{F28FF96A-379C-43CB-ABD5-FFD9193C3FF2}.Release|Any CPU.ActiveCfg = Release|Any CPU
		{F28FF96A-379C-43CB-ABD5-FFD9193C3FF2}.Release|Any CPU.Build.0 = Release|Any CPU
		{F28FF96A-379C-43CB-ABD5-FFD9193C3FF2}.Release|x86.ActiveCfg = Release|x86
		{F28FF96A-379C-43CB-ABD5-FFD9193C3FF2}.Release|x86.Build.0 = Release|x86
		{3B16AE54-5CA9-4254-8981-F8491771C13D}.Debug|Any CPU.ActiveCfg = Debug
		{3B16AE54-5CA9-4254-8981-F8491771C13D}.Debug|Any CPU.Build.0 = Debug
		{3B16AE54-5CA9-4254-8981-F8491771C13D}.Debug|x86.ActiveCfg = Debug
		{3B16AE54-5CA9-4254-8981-F8491771C13D}.Debug|x86.Build.0 = Debug
		{3B16AE54-5CA9-4254-8981-F8491771C13D}.Release|Any CPU.ActiveCfg = Release
		{3B16AE54-5CA9-4254-8981-F8491771C13D}.Release|Any CPU.Build.0 = Release
		{3B16AE54-5CA9-4254-8981-F8491771C13D}.Release|x86.ActiveCfg = Release
		{3B16AE54-5CA9-4254-8981-F8491771C13D}.Release|x86.Build.0 = Release
	EndGlobalSection
	GlobalSection(SolutionProperties) = preSolution
		HideSolutionNode = FALSE
	EndGlobalSection
	GlobalSection(ExtensibilityGlobals) = postSolution
		SolutionGuid = {257B6CCE-CBEF-40FE-BB14-C459E4A79D54}
	EndGlobalSection
EndGlobal
